
Microsoft Visual Studio Solution File, Format Version 12.00
# Visual Studio Version 17
VisualStudioVersion = 17.1.32228.430
MinimumVisualStudioVersion = 10.0.40219.1
Project("{9A19103F-16F7-4668-BE54-9A1E7A4F7556}") = "SmartRoom.BaseDataService", "SmartRoom.BaseDataService\SmartRoom.BaseDataService.csproj", "{47A09673-18CE-420B-B8F2-59C0EDAA9BA7}"
EndProject
Project("{9A19103F-16F7-4668-BE54-9A1E7A4F7556}") = "SmartRoom.CommonBase", "SmartRoom.CommonBase\SmartRoom.CommonBase.csproj", "{7B950A79-ECBE-45D1-A599-B9F6F3CDC590}"
EndProject
Project("{9A19103F-16F7-4668-BE54-9A1E7A4F7556}") = "SmartRoom.BaseDataService.Tests", "SmartRoom.BaseDataService.Tests\SmartRoom.BaseDataService.Tests.csproj", "{1ED1A097-0A95-4439-B377-53F2EE3F72D0}"
EndProject
Project("{9A19103F-16F7-4668-BE54-9A1E7A4F7556}") = "SmartRoom.CommonBase.Tests", "SmartRoom.CommonBase.Tests\SmartRoom.CommonBase.Tests.csproj", "{F9102852-E99A-4A40-B6DD-FEF8AD5F8222}"
EndProject
Project("{2150E333-8FDC-42A3-9474-1A3956D46DE8}") = "Solution Items", "Solution Items", "{ED5D20EF-8E4E-46D2-90C6-3CE5459B55EC}"
	ProjectSection(SolutionItems) = preProject
		readme.md = readme.md
		StartCodeQualityReport.bat = StartCodeQualityReport.bat
	EndProjectSection
EndProject
Project("{9A19103F-16F7-4668-BE54-9A1E7A4F7556}") = "SmartRoom.TransDataService", "SmartRoom.TransDataService\SmartRoom.TransDataService.csproj", "{16A8A4E7-4613-412D-A2EF-E52589BA7D7F}"
EndProject
Project("{9A19103F-16F7-4668-BE54-9A1E7A4F7556}") = "SmartRoom.TransDataService.Tests", "SmartRoom.TransDataService.Tests\SmartRoom.TransDataService.Tests.csproj", "{E7F1B26C-1642-452B-B87A-B62FE67F18D2}"
EndProject
Project("{9A19103F-16F7-4668-BE54-9A1E7A4F7556}") = "SmartRoom.CSVConsole", "SmartRoom.CSVConsole\SmartRoom.CSVConsole.csproj", "{D449AFF1-1BFB-4295-95F5-79F8A67B896A}"
EndProject
Project("{9A19103F-16F7-4668-BE54-9A1E7A4F7556}") = "SmartRoom.DataSimulatorService", "SmartRoom.DataSimulatorService\SmartRoom.DataSimulatorService.csproj", "{F8DC02D2-2C74-49BD-AE53-83879A8D4DAF}"
EndProject
Project("{9A19103F-16F7-4668-BE54-9A1E7A4F7556}") = "SmartRoom.DataSimulatorService.Tests", "SmartRoom.DataSimulatorService.Tests\SmartRoom.DataSimulatorService.Tests.csproj", "{EE4B2412-4825-4F37-95C9-D7291A81286C}"
EndProject
Global
	GlobalSection(SolutionConfigurationPlatforms) = preSolution
		Debug|Any CPU = Debug|Any CPU
		Release|Any CPU = Release|Any CPU
	EndGlobalSection
	GlobalSection(ProjectConfigurationPlatforms) = postSolution
		{47A09673-18CE-420B-B8F2-59C0EDAA9BA7}.Debug|Any CPU.ActiveCfg = Debug|Any CPU
		{47A09673-18CE-420B-B8F2-59C0EDAA9BA7}.Debug|Any CPU.Build.0 = Debug|Any CPU
		{47A09673-18CE-420B-B8F2-59C0EDAA9BA7}.Release|Any CPU.ActiveCfg = Release|Any CPU
		{47A09673-18CE-420B-B8F2-59C0EDAA9BA7}.Release|Any CPU.Build.0 = Release|Any CPU
		{7B950A79-ECBE-45D1-A599-B9F6F3CDC590}.Debug|Any CPU.ActiveCfg = Debug|Any CPU
		{7B950A79-ECBE-45D1-A599-B9F6F3CDC590}.Debug|Any CPU.Build.0 = Debug|Any CPU
		{7B950A79-ECBE-45D1-A599-B9F6F3CDC590}.Release|Any CPU.ActiveCfg = Release|Any CPU
		{7B950A79-ECBE-45D1-A599-B9F6F3CDC590}.Release|Any CPU.Build.0 = Release|Any CPU
		{1ED1A097-0A95-4439-B377-53F2EE3F72D0}.Debug|Any CPU.ActiveCfg = Debug|Any CPU
		{1ED1A097-0A95-4439-B377-53F2EE3F72D0}.Debug|Any CPU.Build.0 = Debug|Any CPU
		{1ED1A097-0A95-4439-B377-53F2EE3F72D0}.Release|Any CPU.ActiveCfg = Release|Any CPU
		{1ED1A097-0A95-4439-B377-53F2EE3F72D0}.Release|Any CPU.Build.0 = Release|Any CPU
		{F9102852-E99A-4A40-B6DD-FEF8AD5F8222}.Debug|Any CPU.ActiveCfg = Debug|Any CPU
		{F9102852-E99A-4A40-B6DD-FEF8AD5F8222}.Debug|Any CPU.Build.0 = Debug|Any CPU
		{F9102852-E99A-4A40-B6DD-FEF8AD5F8222}.Release|Any CPU.ActiveCfg = Release|Any CPU
		{F9102852-E99A-4A40-B6DD-FEF8AD5F8222}.Release|Any CPU.Build.0 = Release|Any CPU
		{16A8A4E7-4613-412D-A2EF-E52589BA7D7F}.Debug|Any CPU.ActiveCfg = Debug|Any CPU
		{16A8A4E7-4613-412D-A2EF-E52589BA7D7F}.Debug|Any CPU.Build.0 = Debug|Any CPU
		{16A8A4E7-4613-412D-A2EF-E52589BA7D7F}.Release|Any CPU.ActiveCfg = Release|Any CPU
		{16A8A4E7-4613-412D-A2EF-E52589BA7D7F}.Release|Any CPU.Build.0 = Release|Any CPU
		{E7F1B26C-1642-452B-B87A-B62FE67F18D2}.Debug|Any CPU.ActiveCfg = Debug|Any CPU
		{E7F1B26C-1642-452B-B87A-B62FE67F18D2}.Debug|Any CPU.Build.0 = Debug|Any CPU
		{E7F1B26C-1642-452B-B87A-B62FE67F18D2}.Release|Any CPU.ActiveCfg = Release|Any CPU
		{E7F1B26C-1642-452B-B87A-B62FE67F18D2}.Release|Any CPU.Build.0 = Release|Any CPU
		{D449AFF1-1BFB-4295-95F5-79F8A67B896A}.Debug|Any CPU.ActiveCfg = Debug|Any CPU
		{D449AFF1-1BFB-4295-95F5-79F8A67B896A}.Debug|Any CPU.Build.0 = Debug|Any CPU
		{D449AFF1-1BFB-4295-95F5-79F8A67B896A}.Release|Any CPU.ActiveCfg = Release|Any CPU
		{D449AFF1-1BFB-4295-95F5-79F8A67B896A}.Release|Any CPU.Build.0 = Release|Any CPU
		{F8DC02D2-2C74-49BD-AE53-83879A8D4DAF}.Debug|Any CPU.ActiveCfg = Debug|Any CPU
		{F8DC02D2-2C74-49BD-AE53-83879A8D4DAF}.Debug|Any CPU.Build.0 = Debug|Any CPU
		{F8DC02D2-2C74-49BD-AE53-83879A8D4DAF}.Release|Any CPU.ActiveCfg = Release|Any CPU
		{F8DC02D2-2C74-49BD-AE53-83879A8D4DAF}.Release|Any CPU.Build.0 = Release|Any CPU
		{EE4B2412-4825-4F37-95C9-D7291A81286C}.Debug|Any CPU.ActiveCfg = Debug|Any CPU
		{EE4B2412-4825-4F37-95C9-D7291A81286C}.Debug|Any CPU.Build.0 = Debug|Any CPU
		{EE4B2412-4825-4F37-95C9-D7291A81286C}.Release|Any CPU.ActiveCfg = Release|Any CPU
		{EE4B2412-4825-4F37-95C9-D7291A81286C}.Release|Any CPU.Build.0 = Release|Any CPU
	EndGlobalSection
	GlobalSection(SolutionProperties) = preSolution
		HideSolutionNode = FALSE
	EndGlobalSection
	GlobalSection(ExtensibilityGlobals) = postSolution
		SolutionGuid = {61129793-6A27-422D-96B4-12D5C182F4AA}
	EndGlobalSection
EndGlobal
